
Microsoft Visual Studio Solution File, Format Version 12.00
# Visual Studio Version 17
VisualStudioVersion = 17.0.32014.148
MinimumVisualStudioVersion = 10.0.40219.1
Project("{9A19103F-16F7-4668-BE54-9A1E7A4F7556}") = "PylonGameEngine.Mathematics", "PylonGameEngine.Mathematics\PylonGameEngine.Mathematics.csproj", "{C581CED5-A95F-4F2A-807D-CE73F9065E3D}"
EndProject
Project("{9A19103F-16F7-4668-BE54-9A1E7A4F7556}") = "PylonGameEngine.Utilities", "PylonGameEngine.Utilities\PylonGameEngine.Utilities.csproj", "{D4432490-448D-4174-A690-858C2489E015}"
EndProject
Project("{9A19103F-16F7-4668-BE54-9A1E7A4F7556}") = "MyTestGame", "ConsoleApp1\MyTestGame.csproj", "{7E0FEDA0-E4C2-46F7-95C0-5026B1787DDD}"
EndProject
Project("{9A19103F-16F7-4668-BE54-9A1E7A4F7556}") = "PylonGameEngine", "PylonGameEngine\PylonGameEngine.csproj", "{9E0F5B0D-6595-4A76-9E26-E63CA71D9C2B}"
EndProject
Project("{9A19103F-16F7-4668-BE54-9A1E7A4F7556}") = "PylonGameEngine.Resources", "PylonGameEngine.Resources\PylonGameEngine.Resources.csproj", "{FE657B5B-7282-4461-A62D-E73450229FD4}"
EndProject
Project("{9A19103F-16F7-4668-BE54-9A1E7A4F7556}") = "PylonGameEngine.Extensions", "PylonGameEngine.Extensions\PylonGameEngine.Extensions.csproj", "{C6F12158-7E1C-4474-9D1A-985B1F355EC9}"
EndProject
Global
	GlobalSection(SolutionConfigurationPlatforms) = preSolution
		Debug|Any CPU = Debug|Any CPU
		Debug|ARM32 = Debug|ARM32
		Debug|ARM64 = Debug|ARM64
		Debug|x64 = Debug|x64
		Debug|x86 = Debug|x86
		Release|Any CPU = Release|Any CPU
		Release|ARM32 = Release|ARM32
		Release|ARM64 = Release|ARM64
		Release|x64 = Release|x64
		Release|x86 = Release|x86
	EndGlobalSection
	GlobalSection(ProjectConfigurationPlatforms) = postSolution
		{C581CED5-A95F-4F2A-807D-CE73F9065E3D}.Debug|Any CPU.ActiveCfg = Debug|x86
		{C581CED5-A95F-4F2A-807D-CE73F9065E3D}.Debug|ARM32.ActiveCfg = Debug|ARM32
		{C581CED5-A95F-4F2A-807D-CE73F9065E3D}.Debug|ARM32.Build.0 = Debug|ARM32
		{C581CED5-A95F-4F2A-807D-CE73F9065E3D}.Debug|ARM64.ActiveCfg = Debug|ARM64
		{C581CED5-A95F-4F2A-807D-CE73F9065E3D}.Debug|ARM64.Build.0 = Debug|ARM64
		{C581CED5-A95F-4F2A-807D-CE73F9065E3D}.Debug|x64.ActiveCfg = Debug|x64
		{C581CED5-A95F-4F2A-807D-CE73F9065E3D}.Debug|x64.Build.0 = Debug|x64
		{C581CED5-A95F-4F2A-807D-CE73F9065E3D}.Debug|x86.ActiveCfg = Debug|x86
		{C581CED5-A95F-4F2A-807D-CE73F9065E3D}.Debug|x86.Build.0 = Debug|x86
		{C581CED5-A95F-4F2A-807D-CE73F9065E3D}.Release|Any CPU.ActiveCfg = Release|x86
		{C581CED5-A95F-4F2A-807D-CE73F9065E3D}.Release|ARM32.ActiveCfg = Release|ARM32
		{C581CED5-A95F-4F2A-807D-CE73F9065E3D}.Release|ARM32.Build.0 = Release|ARM32
		{C581CED5-A95F-4F2A-807D-CE73F9065E3D}.Release|ARM64.ActiveCfg = Release|ARM64
		{C581CED5-A95F-4F2A-807D-CE73F9065E3D}.Release|ARM64.Build.0 = Release|ARM64
		{C581CED5-A95F-4F2A-807D-CE73F9065E3D}.Release|x64.ActiveCfg = Release|x64
		{C581CED5-A95F-4F2A-807D-CE73F9065E3D}.Release|x64.Build.0 = Release|x64
		{C581CED5-A95F-4F2A-807D-CE73F9065E3D}.Release|x86.ActiveCfg = Release|x86
		{C581CED5-A95F-4F2A-807D-CE73F9065E3D}.Release|x86.Build.0 = Release|x86
		{D4432490-448D-4174-A690-858C2489E015}.Debug|Any CPU.ActiveCfg = Debug|x86
		{D4432490-448D-4174-A690-858C2489E015}.Debug|ARM32.ActiveCfg = Debug|ARM32
		{D4432490-448D-4174-A690-858C2489E015}.Debug|ARM32.Build.0 = Debug|ARM32
		{D4432490-448D-4174-A690-858C2489E015}.Debug|ARM64.ActiveCfg = Debug|ARM64
		{D4432490-448D-4174-A690-858C2489E015}.Debug|ARM64.Build.0 = Debug|ARM64
		{D4432490-448D-4174-A690-858C2489E015}.Debug|x64.ActiveCfg = Debug|x64
		{D4432490-448D-4174-A690-858C2489E015}.Debug|x64.Build.0 = Debug|x64
		{D4432490-448D-4174-A690-858C2489E015}.Debug|x86.ActiveCfg = Debug|x86
		{D4432490-448D-4174-A690-858C2489E015}.Debug|x86.Build.0 = Debug|x86
		{D4432490-448D-4174-A690-858C2489E015}.Release|Any CPU.ActiveCfg = Release|x86
		{D4432490-448D-4174-A690-858C2489E015}.Release|ARM32.ActiveCfg = Release|ARM32
		{D4432490-448D-4174-A690-858C2489E015}.Release|ARM32.Build.0 = Release|ARM32
		{D4432490-448D-4174-A690-858C2489E015}.Release|ARM64.ActiveCfg = Release|ARM64
		{D4432490-448D-4174-A690-858C2489E015}.Release|ARM64.Build.0 = Release|ARM64
		{D4432490-448D-4174-A690-858C2489E015}.Release|x64.ActiveCfg = Release|x64
		{D4432490-448D-4174-A690-858C2489E015}.Release|x64.Build.0 = Release|x64
		{D4432490-448D-4174-A690-858C2489E015}.Release|x86.ActiveCfg = Release|x86
		{D4432490-448D-4174-A690-858C2489E015}.Release|x86.Build.0 = Release|x86
		{7E0FEDA0-E4C2-46F7-95C0-5026B1787DDD}.Debug|Any CPU.ActiveCfg = Debug|Any CPU
		{7E0FEDA0-E4C2-46F7-95C0-5026B1787DDD}.Debug|Any CPU.Build.0 = Debug|Any CPU
		{7E0FEDA0-E4C2-46F7-95C0-5026B1787DDD}.Debug|ARM32.ActiveCfg = Debug|ARM32
		{7E0FEDA0-E4C2-46F7-95C0-5026B1787DDD}.Debug|ARM32.Build.0 = Debug|ARM32
		{7E0FEDA0-E4C2-46F7-95C0-5026B1787DDD}.Debug|ARM64.ActiveCfg = Debug|ARM64
		{7E0FEDA0-E4C2-46F7-95C0-5026B1787DDD}.Debug|ARM64.Build.0 = Debug|ARM64
		{7E0FEDA0-E4C2-46F7-95C0-5026B1787DDD}.Debug|x64.ActiveCfg = Debug|x64
		{7E0FEDA0-E4C2-46F7-95C0-5026B1787DDD}.Debug|x64.Build.0 = Debug|x64
		{7E0FEDA0-E4C2-46F7-95C0-5026B1787DDD}.Debug|x86.ActiveCfg = Debug|x86
		{7E0FEDA0-E4C2-46F7-95C0-5026B1787DDD}.Debug|x86.Build.0 = Debug|x86
		{7E0FEDA0-E4C2-46F7-95C0-5026B1787DDD}.Release|Any CPU.ActiveCfg = Release|Any CPU
		{7E0FEDA0-E4C2-46F7-95C0-5026B1787DDD}.Release|Any CPU.Build.0 = Release|Any CPU
		{7E0FEDA0-E4C2-46F7-95C0-5026B1787DDD}.Release|ARM32.ActiveCfg = Release|ARM32
		{7E0FEDA0-E4C2-46F7-95C0-5026B1787DDD}.Release|ARM32.Build.0 = Release|ARM32
		{7E0FEDA0-E4C2-46F7-95C0-5026B1787DDD}.Release|ARM64.ActiveCfg = Release|ARM64
		{7E0FEDA0-E4C2-46F7-95C0-5026B1787DDD}.Release|ARM64.Build.0 = Release|ARM64
		{7E0FEDA0-E4C2-46F7-95C0-5026B1787DDD}.Release|x64.ActiveCfg = Release|x64
		{7E0FEDA0-E4C2-46F7-95C0-5026B1787DDD}.Release|x64.Build.0 = Release|x64
		{7E0FEDA0-E4C2-46F7-95C0-5026B1787DDD}.Release|x86.ActiveCfg = Release|x86
		{7E0FEDA0-E4C2-46F7-95C0-5026B1787DDD}.Release|x86.Build.0 = Release|x86
		{9E0F5B0D-6595-4A76-9E26-E63CA71D9C2B}.Debug|Any CPU.ActiveCfg = Debug|Any CPU
		{9E0F5B0D-6595-4A76-9E26-E63CA71D9C2B}.Debug|Any CPU.Build.0 = Debug|Any CPU
		{9E0F5B0D-6595-4A76-9E26-E63CA71D9C2B}.Debug|ARM32.ActiveCfg = Debug|ARM32
		{9E0F5B0D-6595-4A76-9E26-E63CA71D9C2B}.Debug|ARM32.Build.0 = Debug|ARM32
		{9E0F5B0D-6595-4A76-9E26-E63CA71D9C2B}.Debug|ARM64.ActiveCfg = Debug|ARM64
		{9E0F5B0D-6595-4A76-9E26-E63CA71D9C2B}.Debug|ARM64.Build.0 = Debug|ARM64
		{9E0F5B0D-6595-4A76-9E26-E63CA71D9C2B}.Debug|x64.ActiveCfg = Debug|x64
		{9E0F5B0D-6595-4A76-9E26-E63CA71D9C2B}.Debug|x64.Build.0 = Debug|x64
		{9E0F5B0D-6595-4A76-9E26-E63CA71D9C2B}.Debug|x86.ActiveCfg = Debug|x86
		{9E0F5B0D-6595-4A76-9E26-E63CA71D9C2B}.Debug|x86.Build.0 = Debug|x86
		{9E0F5B0D-6595-4A76-9E26-E63CA71D9C2B}.Release|Any CPU.ActiveCfg = Release|Any CPU
		{9E0F5B0D-6595-4A76-9E26-E63CA71D9C2B}.Release|Any CPU.Build.0 = Release|Any CPU
		{9E0F5B0D-6595-4A76-9E26-E63CA71D9C2B}.Release|ARM32.ActiveCfg = Release|ARM32
		{9E0F5B0D-6595-4A76-9E26-E63CA71D9C2B}.Release|ARM32.Build.0 = Release|ARM32
		{9E0F5B0D-6595-4A76-9E26-E63CA71D9C2B}.Release|ARM64.ActiveCfg = Release|ARM64
		{9E0F5B0D-6595-4A76-9E26-E63CA71D9C2B}.Release|ARM64.Build.0 = Release|ARM64
		{9E0F5B0D-6595-4A76-9E26-E63CA71D9C2B}.Release|x64.ActiveCfg = Release|x64
		{9E0F5B0D-6595-4A76-9E26-E63CA71D9C2B}.Release|x64.Build.0 = Release|x64
		{9E0F5B0D-6595-4A76-9E26-E63CA71D9C2B}.Release|x86.ActiveCfg = Release|x86
		{9E0F5B0D-6595-4A76-9E26-E63CA71D9C2B}.Release|x86.Build.0 = Release|x86
		{FE657B5B-7282-4461-A62D-E73450229FD4}.Debug|Any CPU.ActiveCfg = Debug|Any CPU
		{FE657B5B-7282-4461-A62D-E73450229FD4}.Debug|Any CPU.Build.0 = Debug|Any CPU
		{FE657B5B-7282-4461-A62D-E73450229FD4}.Debug|ARM32.ActiveCfg = Debug|ARM32
		{FE657B5B-7282-4461-A62D-E73450229FD4}.Debug|ARM32.Build.0 = Debug|ARM32
		{FE657B5B-7282-4461-A62D-E73450229FD4}.Debug|ARM64.ActiveCfg = Debug|ARM64
		{FE657B5B-7282-4461-A62D-E73450229FD4}.Debug|ARM64.Build.0 = Debug|ARM64
		{FE657B5B-7282-4461-A62D-E73450229FD4}.Debug|x64.ActiveCfg = Debug|x64
		{FE657B5B-7282-4461-A62D-E73450229FD4}.Debug|x64.Build.0 = Debug|x64
		{FE657B5B-7282-4461-A62D-E73450229FD4}.Debug|x86.ActiveCfg = Debug|x86
		{FE657B5B-7282-4461-A62D-E73450229FD4}.Debug|x86.Build.0 = Debug|x86
		{FE657B5B-7282-4461-A62D-E73450229FD4}.Release|Any CPU.ActiveCfg = Release|Any CPU
		{FE657B5B-7282-4461-A62D-E73450229FD4}.Release|Any CPU.Build.0 = Release|Any CPU
		{FE657B5B-7282-4461-A62D-E73450229FD4}.Release|ARM32.ActiveCfg = Release|ARM32
		{FE657B5B-7282-4461-A62D-E73450229FD4}.Release|ARM32.Build.0 = Release|ARM32
		{FE657B5B-7282-4461-A62D-E73450229FD4}.Release|ARM64.ActiveCfg = Release|ARM64
		{FE657B5B-7282-4461-A62D-E73450229FD4}.Release|ARM64.Build.0 = Release|ARM64
		{FE657B5B-7282-4461-A62D-E73450229FD4}.Release|x64.ActiveCfg = Release|x64
		{FE657B5B-7282-4461-A62D-E73450229FD4}.Release|x64.Build.0 = Release|x64
		{FE657B5B-7282-4461-A62D-E73450229FD4}.Release|x86.ActiveCfg = Release|x86
		{FE657B5B-7282-4461-A62D-E73450229FD4}.Release|x86.Build.0 = Release|x86
		{C6F12158-7E1C-4474-9D1A-985B1F355EC9}.Debug|Any CPU.ActiveCfg = Debug|Any CPU
		{C6F12158-7E1C-4474-9D1A-985B1F355EC9}.Debug|Any CPU.Build.0 = Debug|Any CPU
		{C6F12158-7E1C-4474-9D1A-985B1F355EC9}.Debug|ARM32.ActiveCfg = Debug|Any CPU
		{C6F12158-7E1C-4474-9D1A-985B1F355EC9}.Debug|ARM32.Build.0 = Debug|Any CPU
		{C6F12158-7E1C-4474-9D1A-985B1F355EC9}.Debug|ARM64.ActiveCfg = Debug|Any CPU
		{C6F12158-7E1C-4474-9D1A-985B1F355EC9}.Debug|ARM64.Build.0 = Debug|Any CPU
		{C6F12158-7E1C-4474-9D1A-985B1F355EC9}.Debug|x64.ActiveCfg = Debug|Any CPU
		{C6F12158-7E1C-4474-9D1A-985B1F355EC9}.Debug|x64.Build.0 = Debug|Any CPU
		{C6F12158-7E1C-4474-9D1A-985B1F355EC9}.Debug|x86.ActiveCfg = Debug|Any CPU
		{C6F12158-7E1C-4474-9D1A-985B1F355EC9}.Debug|x86.Build.0 = Debug|Any CPU
		{C6F12158-7E1C-4474-9D1A-985B1F355EC9}.Release|Any CPU.ActiveCfg = Release|Any CPU
		{C6F12158-7E1C-4474-9D1A-985B1F355EC9}.Release|Any CPU.Build.0 = Release|Any CPU
		{C6F12158-7E1C-4474-9D1A-985B1F355EC9}.Release|ARM32.ActiveCfg = Release|Any CPU
		{C6F12158-7E1C-4474-9D1A-985B1F355EC9}.Release|ARM32.Build.0 = Release|Any CPU
		{C6F12158-7E1C-4474-9D1A-985B1F355EC9}.Release|ARM64.ActiveCfg = Release|Any CPU
		{C6F12158-7E1C-4474-9D1A-985B1F355EC9}.Release|ARM64.Build.0 = Release|Any CPU
		{C6F12158-7E1C-4474-9D1A-985B1F355EC9}.Release|x64.ActiveCfg = Release|Any CPU
		{C6F12158-7E1C-4474-9D1A-985B1F355EC9}.Release|x64.Build.0 = Release|Any CPU
		{C6F12158-7E1C-4474-9D1A-985B1F355EC9}.Release|x86.ActiveCfg = Release|Any CPU
		{C6F12158-7E1C-4474-9D1A-985B1F355EC9}.Release|x86.Build.0 = Release|Any CPU
	EndGlobalSection
	GlobalSection(SolutionProperties) = preSolution
		HideSolutionNode = FALSE
	EndGlobalSection
	GlobalSection(ExtensibilityGlobals) = postSolution
		SolutionGuid = {3771042C-4291-4508-85D5-82392A7AA234}
	EndGlobalSection
EndGlobal
